
Microsoft Visual Studio Solution File, Format Version 12.00
# Visual Studio Version 17
VisualStudioVersion = 17.11.35327.3
MinimumVisualStudioVersion = 10.0.40219.1
Project("{FAE04EC0-301F-11D3-BF4B-00C04F79EFBC}") = "IntroEF", "IntroEF\IntroEF.csproj", "{368F3891-F2E6-4A59-B1A9-38D224183A4A}"
EndProject
Global
	GlobalSection(SolutionConfigurationPlatforms) = preSolution
		Debug|Any CPU = Debug|Any CPU
		Release|Any CPU = Release|Any CPU
	EndGlobalSection
	GlobalSection(ProjectConfigurationPlatforms) = postSolution
		{368F3891-F2E6-4A59-B1A9-38D224183A4A}.Debug|Any CPU.ActiveCfg = Debug|Any CPU
		{368F3891-F2E6-4A59-B1A9-38D224183A4A}.Debug|Any CPU.Build.0 = Debug|Any CPU
		{368F3891-F2E6-4A59-B1A9-38D224183A4A}.Release|Any CPU.ActiveCfg = Release|Any CPU
		{368F3891-F2E6-4A59-B1A9-38D224183A4A}.Release|Any CPU.Build.0 = Release|Any CPU
	EndGlobalSection
	GlobalSection(SolutionProperties) = preSolution
		HideSolutionNode = FALSE
	EndGlobalSection
	GlobalSection(ExtensibilityGlobals) = postSolution
		SolutionGuid = {CC22B398-5934-43D0-98E4-0238818F2DE9}
	EndGlobalSection
EndGlobal
